PODS:
  - OrigamiEngine/Core (1.0.14)
  - OrigamiEngine/Flac (1.0.14):
    - OrigamiEngine/Core

DEPENDENCIES:
  - OrigamiEngine/Flac (from `https://github.com/andyshep/OrigamiEngine.git`, commit `2b35e0e8262cfe3b623f6508ef45c9c97bf65383`)

EXTERNAL SOURCES:
  OrigamiEngine:
    :commit: 2b35e0e8262cfe3b623f6508ef45c9c97bf65383
    :git: https://github.com/andyshep/OrigamiEngine.git
    :submodules: true

CHECKOUT OPTIONS:
  OrigamiEngine:
    :commit: 2b35e0e8262cfe3b623f6508ef45c9c97bf65383
    :git: https://github.com/andyshep/OrigamiEngine.git
    :submodules: true

SPEC CHECKSUMS:
  OrigamiEngine: 74b097326260597f1498790795cc2cdd604c199a

PODFILE CHECKSUM: 7332c4e2e5ed6278e928f7df1928eb8df00c54c3

COCOAPODS: 1.9.3
