// !$*UTF8*$!
{
	archiveVersion = 1;
	classes = {
	};
	objectVersion = 46;
	objects = {

/* Begin PBXBuildFile section */
		E77F40110B50B78F5D268210 /* Pods_Coldwave.framework in Frameworks */ = {isa = PBXBuildFile; fileRef = C5CCC42BED185F435DBAB10B /* Pods_Coldwave.framework */; };
		F811AA3524B22C1300BE4196 /* FLAC.framework in Frameworks */ = {isa = PBXBuildFile; fileRef = F811AA3424B22C1300BE4196 /* FLAC.framework */; };
		F811AA3624B22C1300BE4196 /* FLAC.framework in Embed Frameworks */ = {isa = PBXBuildFile; fileRef = F811AA3424B22C1300BE4196 /* FLAC.framework */; settings = {ATTRIBUTES = (CodeSignOnCopy, RemoveHeadersOnCopy, ); }; };
		F8FDD8941A56B1530038B93C /* AppDelegate.swift in Sources */ = {isa = PBXBuildFile; fileRef = F8FDD8931A56B1530038B93C /* AppDelegate.swift */; };
		F8FDD8961A56B1530038B93C /* ViewController.swift in Sources */ = {isa = PBXBuildFile; fileRef = F8FDD8951A56B1530038B93C /* ViewController.swift */; };
		F8FDD8981A56B1530038B93C /* Images.xcassets in Resources */ = {isa = PBXBuildFile; fileRef = F8FDD8971A56B1530038B93C /* Images.xcassets */; };
		F8FDD89B1A56B1530038B93C /* Main.storyboard in Resources */ = {isa = PBXBuildFile; fileRef = F8FDD8991A56B1530038B93C /* Main.storyboard */; };
		F8FDD8B11A56CCF10038B93C /* Quartz.framework in Frameworks */ = {isa = PBXBuildFile; fileRef = F8FDD8B01A56CCF10038B93C /* Quartz.framework */; };
		F8FDD8B31A56D5A30038B93C /* Album.swift in Sources */ = {isa = PBXBuildFile; fileRef = F8FDD8B21A56D5A30038B93C /* Album.swift */; };
		F8FDD8B51A56DADD0038B93C /* QuartzCore.framework in Frameworks */ = {isa = PBXBuildFile; fileRef = F8FDD8B41A56DADD0038B93C /* QuartzCore.framework */; };
		F8FDD8B71A56DBAB0038B93C /* AppKit.framework in Frameworks */ = {isa = PBXBuildFile; fileRef = F8FDD8B61A56DBAB0038B93C /* AppKit.framework */; };
/* End PBXBuildFile section */

/* Begin PBXCopyFilesBuildPhase section */
		F811AA3724B22C1300BE4196 /* Embed Frameworks */ = {
			isa = PBXCopyFilesBuildPhase;
			buildActionMask = 2147483647;
			dstPath = "";
			dstSubfolderSpec = 10;
			files = (
				F811AA3624B22C1300BE4196 /* FLAC.framework in Embed Frameworks */,
			);
			name = "Embed Frameworks";
			runOnlyForDeploymentPostprocessing = 0;
		};
/* End PBXCopyFilesBuildPhase section */

/* Begin PBXFileReference section */
		0C42D7F2824F1F2A689BC738 /* Pods_ColdwaveTests.framework */ = {isa = PBXFileReference; explicitFileType = wrapper.framework; includeInIndex = 0; path = Pods_ColdwaveTests.framework; sourceTree = BUILT_PRODUCTS_DIR; };
		3FC29737522E93F1F4B4665A /* Pods-Coldwave.release.xcconfig */ = {isa = PBXFileReference; includeInIndex = 1; lastKnownFileType = text.xcconfig; name = "Pods-Coldwave.release.xcconfig"; path = "Target Support Files/Pods-Coldwave/Pods-Coldwave.release.xcconfig"; sourceTree = "<group>"; };
		B3229BA7799880293370BFA6 /* Pods-ColdwaveTests.debug.xcconfig */ = {isa = PBXFileReference; includeInIndex = 1; lastKnownFileType = text.xcconfig; name = "Pods-ColdwaveTests.debug.xcconfig"; path = "Target Support Files/Pods-ColdwaveTests/Pods-ColdwaveTests.debug.xcconfig"; sourceTree = "<group>"; };
		C5CCC42BED185F435DBAB10B /* Pods_Coldwave.framework */ = {isa = PBXFileReference; explicitFileType = wrapper.framework; includeInIndex = 0; path = Pods_Coldwave.framework; sourceTree = BUILT_PRODUCTS_DIR; };
		C9E2B607EA18549D9E94A71E /* Pods-Coldwave.debug.xcconfig */ = {isa = PBXFileReference; includeInIndex = 1; lastKnownFileType = text.xcconfig; name = "Pods-Coldwave.debug.xcconfig"; path = "Target Support Files/Pods-Coldwave/Pods-Coldwave.debug.xcconfig"; sourceTree = "<group>"; };
		F811AA3124B229E900BE4196 /* OrigamiEngine.framework */ = {isa = PBXFileReference; explicitFileType = wrapper.framework; path = OrigamiEngine.framework; sourceTree = BUILT_PRODUCTS_DIR; };
		F811AA3424B22C1300BE4196 /* FLAC.framework */ = {isa = PBXFileReference; lastKnownFileType = wrapper.framework; name = FLAC.framework; path = "Pods/OrigamiEngine/Audio-Frameworks/bin/flac/FLAC_OSX/FLAC.framework"; sourceTree = "<group>"; };
		F89F102E249E528A00CCF8F2 /* OrigamiEngine.framework */ = {isa = PBXFileReference; explicitFileType = wrapper.framework; path = OrigamiEngine.framework; sourceTree = BUILT_PRODUCTS_DIR; };
		F8FDD88E1A56B1530038B93C /* Coldwave.app */ = {isa = PBXFileReference; explicitFileType = wrapper.application; includeInIndex = 0; path = Coldwave.app; sourceTree = BUILT_PRODUCTS_DIR; };
		F8FDD8921A56B1530038B93C /* Info.plist */ = {isa = PBXFileReference; lastKnownFileType = text.plist.xml; path = Info.plist; sourceTree = "<group>"; };
		F8FDD8931A56B1530038B93C /* AppDelegate.swift */ = {isa = PBXFileReference; lastKnownFileType = sourcecode.swift; path = AppDelegate.swift; sourceTree = "<group>"; };
		F8FDD8951A56B1530038B93C /* ViewController.swift */ = {isa = PBXFileReference; lastKnownFileType = sourcecode.swift; path = ViewController.swift; sourceTree = "<group>"; };
		F8FDD8971A56B1530038B93C /* Images.xcassets */ = {isa = PBXFileReference; lastKnownFileType = folder.assetcatalog; path = Images.xcassets; sourceTree = "<group>"; };
		F8FDD89A1A56B1530038B93C /* Base */ = {isa = PBXFileReference; lastKnownFileType = file.storyboard; name = Base; path = Base.lproj/Main.storyboard; sourceTree = "<group>"; };
		F8FDD8B01A56CCF10038B93C /* Quartz.framework */ = {isa = PBXFileReference; lastKnownFileType = wrapper.framework; name = Quartz.framework; path = System/Library/Frameworks/Quartz.framework; sourceTree = SDKROOT; };
		F8FDD8B21A56D5A30038B93C /* Album.swift */ = {isa = PBXFileReference; fileEncoding = 4; lastKnownFileType = sourcecode.swift; path = Album.swift; sourceTree = "<group>"; };
		F8FDD8B41A56DADD0038B93C /* QuartzCore.framework */ = {isa = PBXFileReference; lastKnownFileType = wrapper.framework; name = QuartzCore.framework; path = System/Library/Frameworks/QuartzCore.framework; sourceTree = SDKROOT; };
		F8FDD8B61A56DBAB0038B93C /* AppKit.framework */ = {isa = PBXFileReference; lastKnownFileType = wrapper.framework; name = AppKit.framework; path = System/Library/Frameworks/AppKit.framework; sourceTree = SDKROOT; };
		FA2BDD6AD2EDD5BEBB1BDB4A /* Pods-ColdwaveTests.release.xcconfig */ = {isa = PBXFileReference; includeInIndex = 1; lastKnownFileType = text.xcconfig; name = "Pods-ColdwaveTests.release.xcconfig"; path = "Target Support Files/Pods-ColdwaveTests/Pods-ColdwaveTests.release.xcconfig"; sourceTree = "<group>"; };
/* End PBXFileReference section */

/* Begin PBXFrameworksBuildPhase section */
		F8FDD88B1A56B1530038B93C /* Frameworks */ = {
			isa = PBXFrameworksBuildPhase;
			buildActionMask = 2147483647;
			files = (
				F8FDD8B71A56DBAB0038B93C /* AppKit.framework in Frameworks */,
				F8FDD8B51A56DADD0038B93C /* QuartzCore.framework in Frameworks */,
				F811AA3524B22C1300BE4196 /* FLAC.framework in Frameworks */,
				F8FDD8B11A56CCF10038B93C /* Quartz.framework in Frameworks */,
				E77F40110B50B78F5D268210 /* Pods_Coldwave.framework in Frameworks */,
			);
			runOnlyForDeploymentPostprocessing = 0;
		};
/* End PBXFrameworksBuildPhase section */

/* Begin PBXGroup section */
		37E75DC6238D603235E29D01 /* Pods */ = {
			isa = PBXGroup;
			children = (
				C9E2B607EA18549D9E94A71E /* Pods-Coldwave.debug.xcconfig */,
				3FC29737522E93F1F4B4665A /* Pods-Coldwave.release.xcconfig */,
				B3229BA7799880293370BFA6 /* Pods-ColdwaveTests.debug.xcconfig */,
				FA2BDD6AD2EDD5BEBB1BDB4A /* Pods-ColdwaveTests.release.xcconfig */,
			);
			path = Pods;
			sourceTree = "<group>";
		};
		F89F101B249E0BCB00CCF8F2 /* Frameworks */ = {
			isa = PBXGroup;
			children = (
				F811AA3424B22C1300BE4196 /* FLAC.framework */,
				F811AA3124B229E900BE4196 /* OrigamiEngine.framework */,
				F89F102E249E528A00CCF8F2 /* OrigamiEngine.framework */,
				C5CCC42BED185F435DBAB10B /* Pods_Coldwave.framework */,
				0C42D7F2824F1F2A689BC738 /* Pods_ColdwaveTests.framework */,
			);
			name = Frameworks;
			sourceTree = "<group>";
		};
		F8FDD8851A56B1530038B93C = {
			isa = PBXGroup;
			children = (
				F8FDD8B61A56DBAB0038B93C /* AppKit.framework */,
				F8FDD8B41A56DADD0038B93C /* QuartzCore.framework */,
				F8FDD8B01A56CCF10038B93C /* Quartz.framework */,
				F8FDD8901A56B1530038B93C /* Coldwave */,
				F8FDD88F1A56B1530038B93C /* Products */,
				F89F101B249E0BCB00CCF8F2 /* Frameworks */,
				37E75DC6238D603235E29D01 /* Pods */,
			);
			sourceTree = "<group>";
		};
		F8FDD88F1A56B1530038B93C /* Products */ = {
			isa = PBXGroup;
			children = (
				F8FDD88E1A56B1530038B93C /* Coldwave.app */,
			);
			name = Products;
			sourceTree = "<group>";
		};
		F8FDD8901A56B1530038B93C /* Coldwave */ = {
			isa = PBXGroup;
			children = (
				F8FDD8931A56B1530038B93C /* AppDelegate.swift */,
				F8FDD8B21A56D5A30038B93C /* Album.swift */,
				F8FDD8951A56B1530038B93C /* ViewController.swift */,
				F8FDD8971A56B1530038B93C /* Images.xcassets */,
				F8FDD8991A56B1530038B93C /* Main.storyboard */,
				F8FDD8911A56B1530038B93C /* Supporting Files */,
			);
			path = Coldwave;
			sourceTree = "<group>";
		};
		F8FDD8911A56B1530038B93C /* Supporting Files */ = {
			isa = PBXGroup;
			children = (
				F8FDD8921A56B1530038B93C /* Info.plist */,
			);
			name = "Supporting Files";
			sourceTree = "<group>";
		};
/* End PBXGroup section */

/* Begin PBXHeadersBuildPhase section */
		F8EBE2C823DE487900826F69 /* Headers */ = {
			isa = PBXHeadersBuildPhase;
			buildActionMask = 2147483647;
			files = (
			);
			runOnlyForDeploymentPostprocessing = 0;
		};
/* End PBXHeadersBuildPhase section */

/* Begin PBXNativeTarget section */
		F8FDD88D1A56B1530038B93C /* Coldwave */ = {
			isa = PBXNativeTarget;
			buildConfigurationList = F8FDD8AA1A56B1530038B93C /* Build configuration list for PBXNativeTarget "Coldwave" */;
			buildPhases = (
				5EE27619C6DC33E535969FF2 /* [CP] Check Pods Manifest.lock */,
				F8EBE2C823DE487900826F69 /* Headers */,
				F8FDD88A1A56B1530038B93C /* Sources */,
				F8FDD88B1A56B1530038B93C /* Frameworks */,
				F8FDD88C1A56B1530038B93C /* Resources */,
				F811AA3724B22C1300BE4196 /* Embed Frameworks */,
				F8D97759366E2A34F0DA28F6 /* [CP] Embed Pods Frameworks */,
			);
			buildRules = (
			);
			dependencies = (
			);
			name = Coldwave;
			productName = Coldwave;
			productReference = F8FDD88E1A56B1530038B93C /* Coldwave.app */;
			productType = "com.apple.product-type.application";
		};
/* End PBXNativeTarget section */

/* Begin PBXProject section */
		F8FDD8861A56B1530038B93C /* Project object */ = {
			isa = PBXProject;
			attributes = {
				LastSwiftMigration = 0730;
				LastSwiftUpdateCheck = 0730;
				LastUpgradeCheck = 1130;
				ORGANIZATIONNAME = "Andrew Byrd";
				TargetAttributes = {
					F8FDD88D1A56B1530038B93C = {
						CreatedOnToolsVersion = 6.1.1;
						LastSwiftMigration = 0820;
					};
				};
			};
			buildConfigurationList = F8FDD8891A56B1530038B93C /* Build configuration list for PBXProject "Coldwave" */;
			compatibilityVersion = "Xcode 3.2";
			developmentRegion = en;
			hasScannedForEncodings = 0;
			knownRegions = (
				en,
				Base,
			);
			mainGroup = F8FDD8851A56B1530038B93C;
			productRefGroup = F8FDD88F1A56B1530038B93C /* Products */;
			projectDirPath = "";
			projectRoot = "";
			targets = (
				F8FDD88D1A56B1530038B93C /* Coldwave */,
			);
		};
/* End PBXProject section */

/* Begin PBXResourcesBuildPhase section */
		F8FDD88C1A56B1530038B93C /* Resources */ = {
			isa = PBXResourcesBuildPhase;
			buildActionMask = 2147483647;
			files = (
				F8FDD8981A56B1530038B93C /* Images.xcassets in Resources */,
				F8FDD89B1A56B1530038B93C /* Main.storyboard in Resources */,
			);
			runOnlyForDeploymentPostprocessing = 0;
		};
/* End PBXResourcesBuildPhase section */

/* Begin PBXShellScriptBuildPhase section */
		5EE27619C6DC33E535969FF2 /* [CP] Check Pods Manifest.lock */ = {
			isa = PBXShellScriptBuildPhase;
			buildActionMask = 2147483647;
			files = (
			);
			inputFileListPaths = (
			);
			inputPaths = (
				"${PODS_PODFILE_DIR_PATH}/Podfile.lock",
				"${PODS_ROOT}/Manifest.lock",
			);
			name = "[CP] Check Pods Manifest.lock";
			outputFileListPaths = (
			);
			outputPaths = (
				"$(DERIVED_FILE_DIR)/Pods-Coldwave-checkManifestLockResult.txt",
			);
			runOnlyForDeploymentPostprocessing = 0;
			shellPath = /bin/sh;
			shellScript = "diff \"${PODS_PODFILE_DIR_PATH}/Podfile.lock\" \"${PODS_ROOT}/Manifest.lock\" > /dev/null\nif [ $? != 0 ] ; then\n    # print error to STDERR\n    echo \"error: The sandbox is not in sync with the Podfile.lock. Run 'pod install' or update your CocoaPods installation.\" >&2\n    exit 1\nfi\n# This output is used by Xcode 'outputs' to avoid re-running this script phase.\necho \"SUCCESS\" > \"${SCRIPT_OUTPUT_FILE_0}\"\n";
			showEnvVarsInLog = 0;
		};
		F8D97759366E2A34F0DA28F6 /* [CP] Embed Pods Frameworks */ = {
			isa = PBXShellScriptBuildPhase;
			buildActionMask = 2147483647;
			files = (
			);
			inputPaths = (
				"${PODS_ROOT}/Target Support Files/Pods-Coldwave/Pods-Coldwave-frameworks.sh",
				"${BUILT_PRODUCTS_DIR}/OrigamiEngine/OrigamiEngine.framework",
			);
			name = "[CP] Embed Pods Frameworks";
			outputPaths = (
				"${TARGET_BUILD_DIR}/${FRAMEWORKS_FOLDER_PATH}/OrigamiEngine.framework",
			);
			runOnlyForDeploymentPostprocessing = 0;
			shellPath = /bin/sh;
			shellScript = "\"${PODS_ROOT}/Target Support Files/Pods-Coldwave/Pods-Coldwave-frameworks.sh\"\n";
			showEnvVarsInLog = 0;
		};
/* End PBXShellScriptBuildPhase section */

/* Begin PBXSourcesBuildPhase section */
		F8FDD88A1A56B1530038B93C /* Sources */ = {
			isa = PBXSourcesBuildPhase;
			buildActionMask = 2147483647;
			files = (
				F8FDD8961A56B1530038B93C /* ViewController.swift in Sources */,
				F8FDD8941A56B1530038B93C /* AppDelegate.swift in Sources */,
				F8FDD8B31A56D5A30038B93C /* Album.swift in Sources */,
			);
			runOnlyForDeploymentPostprocessing = 0;
		};
/* End PBXSourcesBuildPhase section */

/* Begin PBXVariantGroup section */
		F8FDD8991A56B1530038B93C /* Main.storyboard */ = {
			isa = PBXVariantGroup;
			children = (
				F8FDD89A1A56B1530038B93C /* Base */,
			);
			name = Main.storyboard;
			sourceTree = "<group>";
		};
/* End PBXVariantGroup section */

/* Begin XCBuildConfiguration section */
		F8FDD8A81A56B1530038B93C /* Debug */ = {
			isa = XCBuildConfiguration;
			buildSettings = {
				ALWAYS_SEARCH_USER_PATHS = NO;
				CLANG_ANALYZER_LOCALIZABILITY_NONLOCALIZED = YES;
				CLANG_CXX_LANGUAGE_STANDARD = "gnu++0x";
				CLANG_CXX_LIBRARY = "libc++";
				CLANG_ENABLE_MODULES = YES;
				CLANG_ENABLE_OBJC_ARC = YES;
				CLANG_WARN_BLOCK_CAPTURE_AUTORELEASING = YES;
				CLANG_WARN_BOOL_CONVERSION = YES;
				CLANG_WARN_COMMA = YES;
				CLANG_WARN_CONSTANT_CONVERSION = YES;
				CLANG_WARN_DEPRECATED_OBJC_IMPLEMENTATIONS = YES;
				CLANG_WARN_DIRECT_OBJC_ISA_USAGE = YES_ERROR;
				CLANG_WARN_EMPTY_BODY = YES;
				CLANG_WARN_ENUM_CONVERSION = YES;
				CLANG_WARN_INFINITE_RECURSION = YES;
				CLANG_WARN_INT_CONVERSION = YES;
				CLANG_WARN_NON_LITERAL_NULL_CONVERSION = YES;
				CLANG_WARN_OBJC_IMPLICIT_RETAIN_SELF = YES;
				CLANG_WARN_OBJC_LITERAL_CONVERSION = YES;
				CLANG_WARN_OBJC_ROOT_CLASS = YES_ERROR;
				CLANG_WARN_RANGE_LOOP_ANALYSIS = YES;
				CLANG_WARN_STRICT_PROTOTYPES = YES;
				CLANG_WARN_SUSPICIOUS_MOVE = YES;
				CLANG_WARN_UNREACHABLE_CODE = YES;
				CLANG_WARN__DUPLICATE_METHOD_MATCH = YES;
				CODE_SIGN_IDENTITY = "";
				COPY_PHASE_STRIP = NO;
				ENABLE_STRICT_OBJC_MSGSEND = YES;
				ENABLE_TESTABILITY = YES;
				FRAMEWORK_SEARCH_PATHS = (
					"$(inherited)",
					"/Users/abyrd/git/OrigamiEngine-andyshep/OrigamiEngine/**",
				);
				GCC_C_LANGUAGE_STANDARD = gnu99;
				GCC_DYNAMIC_NO_PIC = NO;
				GCC_NO_COMMON_BLOCKS = YES;
				GCC_OPTIMIZATION_LEVEL = 0;
				GCC_PREPROCESSOR_DEFINITIONS = (
					"DEBUG=1",
					"$(inherited)",
				);
				GCC_SYMBOLS_PRIVATE_EXTERN = NO;
				GCC_WARN_64_TO_32_BIT_CONVERSION = YES;
				GCC_WARN_ABOUT_RETURN_TYPE = YES_ERROR;
				GCC_WARN_UNDECLARED_SELECTOR = YES;
				GCC_WARN_UNINITIALIZED_AUTOS = YES_AGGRESSIVE;
				GCC_WARN_UNUSED_FUNCTION = YES;
				GCC_WARN_UNUSED_VARIABLE = YES;
				HEADER_SEARCH_PATHS = (
					"$(inherited)",
					"/Users/abyrd/git/OrigamiEngine-andyshep/OrigamiEngine/**",
				);
				LIBRARY_SEARCH_PATHS = "";
				MACOSX_DEPLOYMENT_TARGET = 10.12;
				MTL_ENABLE_DEBUG_INFO = YES;
				ONLY_ACTIVE_ARCH = YES;
				SDKROOT = macosx;
				SWIFT_INCLUDE_PATHS = "";
				"SWIFT_INCLUDE_PATHS[arch=*]" = "";
				"SWIFT_OBJC_BRIDGING_HEADER[arch=*]" = "";
				SWIFT_OPTIMIZATION_LEVEL = "-Onone";
				SWIFT_VERSION = 5.0;
			};
			name = Debug;
		};
		F8FDD8A91A56B1530038B93C /* Release */ = {
			isa = XCBuildConfiguration;
			buildSettings = {
				ALWAYS_SEARCH_USER_PATHS = NO;
				CLANG_ANALYZER_LOCALIZABILITY_NONLOCALIZED = YES;
				CLANG_CXX_LANGUAGE_STANDARD = "gnu++0x";
				CLANG_CXX_LIBRARY = "libc++";
				CLANG_ENABLE_MODULES = YES;
				CLANG_ENABLE_OBJC_ARC = YES;
				CLANG_WARN_BLOCK_CAPTURE_AUTORELEASING = YES;
				CLANG_WARN_BOOL_CONVERSION = YES;
				CLANG_WARN_COMMA = YES;
				CLANG_WARN_CONSTANT_CONVERSION = YES;
				CLANG_WARN_DEPRECATED_OBJC_IMPLEMENTATIONS = YES;
				CLANG_WARN_DIRECT_OBJC_ISA_USAGE = YES_ERROR;
				CLANG_WARN_EMPTY_BODY = YES;
				CLANG_WARN_ENUM_CONVERSION = YES;
				CLANG_WARN_INFINITE_RECURSION = YES;
				CLANG_WARN_INT_CONVERSION = YES;
				CLANG_WARN_NON_LITERAL_NULL_CONVERSION = YES;
				CLANG_WARN_OBJC_IMPLICIT_RETAIN_SELF = YES;
				CLANG_WARN_OBJC_LITERAL_CONVERSION = YES;
				CLANG_WARN_OBJC_ROOT_CLASS = YES_ERROR;
				CLANG_WARN_RANGE_LOOP_ANALYSIS = YES;
				CLANG_WARN_STRICT_PROTOTYPES = YES;
				CLANG_WARN_SUSPICIOUS_MOVE = YES;
				CLANG_WARN_UNREACHABLE_CODE = YES;
				CLANG_WARN__DUPLICATE_METHOD_MATCH = YES;
				CODE_SIGN_IDENTITY = "";
				COPY_PHASE_STRIP = YES;
				DEBUG_INFORMATION_FORMAT = "dwarf-with-dsym";
				ENABLE_NS_ASSERTIONS = NO;
				ENABLE_STRICT_OBJC_MSGSEND = YES;
				FRAMEWORK_SEARCH_PATHS = (
					"$(inherited)",
					"/Users/abyrd/git/OrigamiEngine-andyshep/OrigamiEngine/**",
				);
				GCC_C_LANGUAGE_STANDARD = gnu99;
				GCC_NO_COMMON_BLOCKS = YES;
				GCC_WARN_64_TO_32_BIT_CONVERSION = YES;
				GCC_WARN_ABOUT_RETURN_TYPE = YES_ERROR;
				GCC_WARN_UNDECLARED_SELECTOR = YES;
				GCC_WARN_UNINITIALIZED_AUTOS = YES_AGGRESSIVE;
				GCC_WARN_UNUSED_FUNCTION = YES;
				GCC_WARN_UNUSED_VARIABLE = YES;
				HEADER_SEARCH_PATHS = (
					"$(inherited)",
					"/Users/abyrd/git/OrigamiEngine-andyshep/OrigamiEngine/**",
				);
				LIBRARY_SEARCH_PATHS = "";
				MACOSX_DEPLOYMENT_TARGET = 10.12;
				MTL_ENABLE_DEBUG_INFO = NO;
				SDKROOT = macosx;
				SWIFT_COMPILATION_MODE = wholemodule;
				"SWIFT_OBJC_BRIDGING_HEADER[arch=*]" = "";
				SWIFT_VERSION = 5.0;
			};
			name = Release;
		};
		F8FDD8AB1A56B1530038B93C /* Debug */ = {
			isa = XCBuildConfiguration;
			baseConfigurationReference = C9E2B607EA18549D9E94A71E /* Pods-Coldwave.debug.xcconfig */;
			buildSettings = {
				ASSETCATALOG_COMPILER_APPICON_NAME = AppIcon;
				CLANG_ENABLE_MODULES = YES;
				CODE_SIGN_IDENTITY = "";
				COMBINE_HIDPI_IMAGES = YES;
				FRAMEWORK_SEARCH_PATHS = (
					"$(inherited)",
					"$(PROJECT_DIR)/Pods/OrigamiEngine/Audio-Frameworks/bin/flac/FLAC_OSX",
				);
				HEADER_SEARCH_PATHS = "$(inherited)";
				INFOPLIST_FILE = Coldwave/Info.plist;
				LD_RUNPATH_SEARCH_PATHS = "$(inherited) @executable_path/../Frameworks";
				LIBRARY_SEARCH_PATHS = (
					"$(inherited)",
					"/Users/abyrd/git/OrigamiEngine-andyshep/OrigamiEngine/**",
				);
				PRODUCT_BUNDLE_IDENTIFIER = "org.coldwave.$(PRODUCT_NAME:rfc1034identifier)";
				PRODUCT_NAME = "$(TARGET_NAME)";
				SWIFT_OPTIMIZATION_LEVEL = "-Onone";
				SWIFT_VERSION = 5.0;
			};
			name = Debug;
		};
		F8FDD8AC1A56B1530038B93C /* Release */ = {
			isa = XCBuildConfiguration;
			baseConfigurationReference = 3FC29737522E93F1F4B4665A /* Pods-Coldwave.release.xcconfig */;
			buildSettings = {
				ASSETCATALOG_COMPILER_APPICON_NAME = AppIcon;
				CLANG_ENABLE_MODULES = YES;
				CODE_SIGN_IDENTITY = "";
				COMBINE_HIDPI_IMAGES = YES;
				FRAMEWORK_SEARCH_PATHS = (
					"$(inherited)",
					"$(PROJECT_DIR)/Pods/OrigamiEngine/Audio-Frameworks/bin/flac/FLAC_OSX",
				);
				HEADER_SEARCH_PATHS = "$(inherited)";
				INFOPLIST_FILE = Coldwave/Info.plist;
				LD_RUNPATH_SEARCH_PATHS = "$(inherited) @executable_path/../Frameworks";
				LIBRARY_SEARCH_PATHS = (
					"$(inherited)",
					"/Users/abyrd/git/OrigamiEngine-andyshep/OrigamiEngine/**",
				);
				PRODUCT_BUNDLE_IDENTIFIER = "org.coldwave.$(PRODUCT_NAME:rfc1034identifier)";
				PRODUCT_NAME = "$(TARGET_NAME)";
				SWIFT_VERSION = 5.0;
			};
			name = Release;
		};
/* End XCBuildConfiguration section */

/* Begin XCConfigurationList section */
		F8FDD8891A56B1530038B93C /* Build configuration list for PBXProject "Coldwave" */ = {
			isa = XCConfigurationList;
			buildConfigurations = (
				F8FDD8A81A56B1530038B93C /* Debug */,
				F8FDD8A91A56B1530038B93C /* Release */,
			);
			defaultConfigurationIsVisible = 0;
			defaultConfigurationName = Release;
		};
		F8FDD8AA1A56B1530038B93C /* Build configuration list for PBXNativeTarget "Coldwave" */ = {
			isa = XCConfigurationList;
			buildConfigurations = (
				F8FDD8AB1A56B1530038B93C /* Debug */,
				F8FDD8AC1A56B1530038B93C /* Release */,
			);
			defaultConfigurationIsVisible = 0;
			defaultConfigurationName = Release;
		};
/* End XCConfigurationList section */
	};
	rootObject = F8FDD8861A56B1530038B93C /* Project object */;
}
