// !$*UTF8*$!
{
	archiveVersion = 1;
	classes = {
	};
	objectVersion = 50;
	objects = {

/* Begin PBXBuildFile section */
		F84AB2DB269329D400D69D4F /* ColdwaveApp.swift in Sources */ = {isa = PBXBuildFile; fileRef = F84AB2DA269329D400D69D4F /* ColdwaveApp.swift */; };
		F84AB2DF269329D700D69D4F /* Assets.xcassets in Resources */ = {isa = PBXBuildFile; fileRef = F84AB2DE269329D700D69D4F /* Assets.xcassets */; };
		F84AB2E2269329D700D69D4F /* Preview Assets.xcassets in Resources */ = {isa = PBXBuildFile; fileRef = F84AB2E1269329D700D69D4F /* Preview Assets.xcassets */; };
		F84AB2EF26932B0C00D69D4F /* Album.swift in Sources */ = {isa = PBXBuildFile; fileRef = F84AB2EA26932B0B00D69D4F /* Album.swift */; };
		F84AB2F126932B0C00D69D4F /* record-sleeve-0.png in Resources */ = {isa = PBXBuildFile; fileRef = F84AB2EC26932B0B00D69D4F /* record-sleeve-0.png */; };
		F84AB2F226932B0C00D69D4F /* record-sleeve-1.png in Resources */ = {isa = PBXBuildFile; fileRef = F84AB2ED26932B0B00D69D4F /* record-sleeve-1.png */; };
		F84AB2F326932B0C00D69D4F /* Credits.rtf in Resources */ = {isa = PBXBuildFile; fileRef = F84AB2EE26932B0B00D69D4F /* Credits.rtf */; };
		F84AB2FC26934D5000D69D4F /* ContentView.swift in Sources */ = {isa = PBXBuildFile; fileRef = F84AB2FB26934D5000D69D4F /* ContentView.swift */; };
/* End PBXBuildFile section */

/* Begin PBXCopyFilesBuildPhase section */
		F84AB2F626932D9000D69D4F /* Embed Frameworks */ = {
			isa = PBXCopyFilesBuildPhase;
			buildActionMask = 2147483647;
			dstPath = "";
			dstSubfolderSpec = 10;
			files = (
			);
			name = "Embed Frameworks";
			runOnlyForDeploymentPostprocessing = 0;
		};
/* End PBXCopyFilesBuildPhase section */

/* Begin PBXFileReference section */
		F84AB2D7269329D400D69D4F /* Coldwave.app */ = {isa = PBXFileReference; explicitFileType = wrapper.application; includeInIndex = 0; path = Coldwave.app; sourceTree = BUILT_PRODUCTS_DIR; };
		F84AB2DA269329D400D69D4F /* ColdwaveApp.swift */ = {isa = PBXFileReference; lastKnownFileType = sourcecode.swift; path = ColdwaveApp.swift; sourceTree = "<group>"; };
		F84AB2DE269329D700D69D4F /* Assets.xcassets */ = {isa = PBXFileReference; lastKnownFileType = folder.assetcatalog; path = Assets.xcassets; sourceTree = "<group>"; };
		F84AB2E1269329D700D69D4F /* Preview Assets.xcassets */ = {isa = PBXFileReference; lastKnownFileType = folder.assetcatalog; path = "Preview Assets.xcassets"; sourceTree = "<group>"; };
		F84AB2E3269329D700D69D4F /* Info.plist */ = {isa = PBXFileReference; lastKnownFileType = text.plist.xml; path = Info.plist; sourceTree = "<group>"; };
		F84AB2E4269329D700D69D4F /* Coldwave.entitlements */ = {isa = PBXFileReference; lastKnownFileType = text.plist.entitlements; path = Coldwave.entitlements; sourceTree = "<group>"; };
		F84AB2EA26932B0B00D69D4F /* Album.swift */ = {isa = PBXFileReference; fileEncoding = 4; lastKnownFileType = sourcecode.swift; path = Album.swift; sourceTree = "<group>"; };
		F84AB2EC26932B0B00D69D4F /* record-sleeve-0.png */ = {isa = PBXFileReference; lastKnownFileType = image.png; path = "record-sleeve-0.png"; sourceTree = "<group>"; };
		F84AB2ED26932B0B00D69D4F /* record-sleeve-1.png */ = {isa = PBXFileReference; lastKnownFileType = image.png; path = "record-sleeve-1.png"; sourceTree = "<group>"; };
		F84AB2EE26932B0B00D69D4F /* Credits.rtf */ = {isa = PBXFileReference; fileEncoding = 4; lastKnownFileType = text.rtf; path = Credits.rtf; sourceTree = "<group>"; };
		F84AB2FB26934D5000D69D4F /* ContentView.swift */ = {isa = PBXFileReference; fileEncoding = 4; lastKnownFileType = sourcecode.swift; path = ContentView.swift; sourceTree = "<group>"; };
/* End PBXFileReference section */

/* Begin PBXFrameworksBuildPhase section */
		F84AB2D4269329D400D69D4F /* Frameworks */ = {
			isa = PBXFrameworksBuildPhase;
			buildActionMask = 2147483647;
			files = (
			);
			runOnlyForDeploymentPostprocessing = 0;
		};
/* End PBXFrameworksBuildPhase section */

/* Begin PBXGroup section */
		68C4E3C167892EE347B2C263 /* Frameworks */ = {
			isa = PBXGroup;
			children = (
			);
			name = Frameworks;
			sourceTree = "<group>";
		};
		F84AB2CE269329D400D69D4F = {
			isa = PBXGroup;
			children = (
				F84AB2D9269329D400D69D4F /* Coldwave */,
				F84AB2D8269329D400D69D4F /* Products */,
				68C4E3C167892EE347B2C263 /* Frameworks */,
			);
			sourceTree = "<group>";
		};
		F84AB2D8269329D400D69D4F /* Products */ = {
			isa = PBXGroup;
			children = (
				F84AB2D7269329D400D69D4F /* Coldwave.app */,
			);
			name = Products;
			sourceTree = "<group>";
		};
		F84AB2D9269329D400D69D4F /* Coldwave */ = {
			isa = PBXGroup;
			children = (
				F84AB2FB26934D5000D69D4F /* ContentView.swift */,
				F84AB2EA26932B0B00D69D4F /* Album.swift */,
				F84AB2EE26932B0B00D69D4F /* Credits.rtf */,
				F84AB2EC26932B0B00D69D4F /* record-sleeve-0.png */,
				F84AB2ED26932B0B00D69D4F /* record-sleeve-1.png */,
				F84AB2DA269329D400D69D4F /* ColdwaveApp.swift */,
				F84AB2DE269329D700D69D4F /* Assets.xcassets */,
				F84AB2E3269329D700D69D4F /* Info.plist */,
				F84AB2E4269329D700D69D4F /* Coldwave.entitlements */,
				F84AB2E0269329D700D69D4F /* Preview Content */,
			);
			path = Coldwave;
			sourceTree = "<group>";
		};
		F84AB2E0269329D700D69D4F /* Preview Content */ = {
			isa = PBXGroup;
			children = (
				F84AB2E1269329D700D69D4F /* Preview Assets.xcassets */,
			);
			path = "Preview Content";
			sourceTree = "<group>";
		};
/* End PBXGroup section */

/* Begin PBXNativeTarget section */
		F84AB2D6269329D400D69D4F /* Coldwave */ = {
			isa = PBXNativeTarget;
			buildConfigurationList = F84AB2E7269329D700D69D4F /* Build configuration list for PBXNativeTarget "Coldwave" */;
			buildPhases = (
				F84AB2D3269329D400D69D4F /* Sources */,
				F84AB2D4269329D400D69D4F /* Frameworks */,
				F84AB2D5269329D400D69D4F /* Resources */,
				F84AB2F626932D9000D69D4F /* Embed Frameworks */,
			);
			buildRules = (
			);
			dependencies = (
			);
			name = Coldwave;
			productName = Coldwave;
			productReference = F84AB2D7269329D400D69D4F /* Coldwave.app */;
			productType = "com.apple.product-type.application";
		};
/* End PBXNativeTarget section */

/* Begin PBXProject section */
		F84AB2CF269329D400D69D4F /* Project object */ = {
			isa = PBXProject;
			attributes = {
				LastSwiftUpdateCheck = 1250;
				LastUpgradeCheck = 1250;
				TargetAttributes = {
					F84AB2D6269329D400D69D4F = {
						CreatedOnToolsVersion = 12.5;
					};
				};
			};
			buildConfigurationList = F84AB2D2269329D400D69D4F /* Build configuration list for PBXProject "Coldwave" */;
			compatibilityVersion = "Xcode 9.3";
			developmentRegion = en;
			hasScannedForEncodings = 0;
			knownRegions = (
				en,
				Base,
			);
			mainGroup = F84AB2CE269329D400D69D4F;
			productRefGroup = F84AB2D8269329D400D69D4F /* Products */;
			projectDirPath = "";
			projectRoot = "";
			targets = (
				F84AB2D6269329D400D69D4F /* Coldwave */,
			);
		};
/* End PBXProject section */

/* Begin PBXResourcesBuildPhase section */
		F84AB2D5269329D400D69D4F /* Resources */ = {
			isa = PBXResourcesBuildPhase;
			buildActionMask = 2147483647;
			files = (
				F84AB2F326932B0C00D69D4F /* Credits.rtf in Resources */,
				F84AB2F226932B0C00D69D4F /* record-sleeve-1.png in Resources */,
				F84AB2E2269329D700D69D4F /* Preview Assets.xcassets in Resources */,
				F84AB2DF269329D700D69D4F /* Assets.xcassets in Resources */,
				F84AB2F126932B0C00D69D4F /* record-sleeve-0.png in Resources */,
			);
			runOnlyForDeploymentPostprocessing = 0;
		};
/* End PBXResourcesBuildPhase section */

/* Begin PBXSourcesBuildPhase section */
		F84AB2D3269329D400D69D4F /* Sources */ = {
			isa = PBXSourcesBuildPhase;
			buildActionMask = 2147483647;
			files = (
				F84AB2DB269329D400D69D4F /* ColdwaveApp.swift in Sources */,
				F84AB2EF26932B0C00D69D4F /* Album.swift in Sources */,
				F84AB2FC26934D5000D69D4F /* ContentView.swift in Sources */,
			);
			runOnlyForDeploymentPostprocessing = 0;
		};
/* End PBXSourcesBuildPhase section */

/* Begin XCBuildConfiguration section */
		F84AB2E5269329D700D69D4F /* Debug */ = {
			isa = XCBuildConfiguration;
			buildSettings = {
				ALWAYS_SEARCH_USER_PATHS = NO;
				CLANG_ANALYZER_NONNULL = YES;
				CLANG_ANALYZER_NUMBER_OBJECT_CONVERSION = YES_AGGRESSIVE;
				CLANG_CXX_LANGUAGE_STANDARD = "gnu++14";
				CLANG_CXX_LIBRARY = "libc++";
				CLANG_ENABLE_MODULES = YES;
				CLANG_ENABLE_OBJC_ARC = YES;
				CLANG_ENABLE_OBJC_WEAK = YES;
				CLANG_WARN_BLOCK_CAPTURE_AUTORELEASING = YES;
				CLANG_WARN_BOOL_CONVERSION = YES;
				CLANG_WARN_COMMA = YES;
				CLANG_WARN_CONSTANT_CONVERSION = YES;
				CLANG_WARN_DEPRECATED_OBJC_IMPLEMENTATIONS = YES;
				CLANG_WARN_DIRECT_OBJC_ISA_USAGE = YES_ERROR;
				CLANG_WARN_DOCUMENTATION_COMMENTS = YES;
				CLANG_WARN_EMPTY_BODY = YES;
				CLANG_WARN_ENUM_CONVERSION = YES;
				CLANG_WARN_INFINITE_RECURSION = YES;
				CLANG_WARN_INT_CONVERSION = YES;
				CLANG_WARN_NON_LITERAL_NULL_CONVERSION = YES;
				CLANG_WARN_OBJC_IMPLICIT_RETAIN_SELF = YES;
				CLANG_WARN_OBJC_LITERAL_CONVERSION = YES;
				CLANG_WARN_OBJC_ROOT_CLASS = YES_ERROR;
				CLANG_WARN_QUOTED_INCLUDE_IN_FRAMEWORK_HEADER = YES;
				CLANG_WARN_RANGE_LOOP_ANALYSIS = YES;
				CLANG_WARN_STRICT_PROTOTYPES = YES;
				CLANG_WARN_SUSPICIOUS_MOVE = YES;
				CLANG_WARN_UNGUARDED_AVAILABILITY = YES_AGGRESSIVE;
				CLANG_WARN_UNREACHABLE_CODE = YES;
				CLANG_WARN__DUPLICATE_METHOD_MATCH = YES;
				COPY_PHASE_STRIP = NO;
				DEBUG_INFORMATION_FORMAT = dwarf;
				ENABLE_STRICT_OBJC_MSGSEND = YES;
				ENABLE_TESTABILITY = YES;
				GCC_C_LANGUAGE_STANDARD = gnu11;
				GCC_DYNAMIC_NO_PIC = NO;
				GCC_NO_COMMON_BLOCKS = YES;
				GCC_OPTIMIZATION_LEVEL = 0;
				GCC_PREPROCESSOR_DEFINITIONS = (
					"DEBUG=1",
					"$(inherited)",
				);
				GCC_WARN_64_TO_32_BIT_CONVERSION = YES;
				GCC_WARN_ABOUT_RETURN_TYPE = YES_ERROR;
				GCC_WARN_UNDECLARED_SELECTOR = YES;
				GCC_WARN_UNINITIALIZED_AUTOS = YES_AGGRESSIVE;
				GCC_WARN_UNUSED_FUNCTION = YES;
				GCC_WARN_UNUSED_VARIABLE = YES;
				MACOSX_DEPLOYMENT_TARGET = 11.3;
				MTL_ENABLE_DEBUG_INFO = INCLUDE_SOURCE;
				MTL_FAST_MATH = YES;
				ONLY_ACTIVE_ARCH = YES;
				SDKROOT = macosx;
				SWIFT_ACTIVE_COMPILATION_CONDITIONS = DEBUG;
				SWIFT_OPTIMIZATION_LEVEL = "-Onone";
			};
			name = Debug;
		};
		F84AB2E6269329D700D69D4F /* Release */ = {
			isa = XCBuildConfiguration;
			buildSettings = {
				ALWAYS_SEARCH_USER_PATHS = NO;
				CLANG_ANALYZER_NONNULL = YES;
				CLANG_ANALYZER_NUMBER_OBJECT_CONVERSION = YES_AGGRESSIVE;
				CLANG_CXX_LANGUAGE_STANDARD = "gnu++14";
				CLANG_CXX_LIBRARY = "libc++";
				CLANG_ENABLE_MODULES = YES;
				CLANG_ENABLE_OBJC_ARC = YES;
				CLANG_ENABLE_OBJC_WEAK = YES;
				CLANG_WARN_BLOCK_CAPTURE_AUTORELEASING = YES;
				CLANG_WARN_BOOL_CONVERSION = YES;
				CLANG_WARN_COMMA = YES;
				CLANG_WARN_CONSTANT_CONVERSION = YES;
				CLANG_WARN_DEPRECATED_OBJC_IMPLEMENTATIONS = YES;
				CLANG_WARN_DIRECT_OBJC_ISA_USAGE = YES_ERROR;
				CLANG_WARN_DOCUMENTATION_COMMENTS = YES;
				CLANG_WARN_EMPTY_BODY = YES;
				CLANG_WARN_ENUM_CONVERSION = YES;
				CLANG_WARN_INFINITE_RECURSION = YES;
				CLANG_WARN_INT_CONVERSION = YES;
				CLANG_WARN_NON_LITERAL_NULL_CONVERSION = YES;
				CLANG_WARN_OBJC_IMPLICIT_RETAIN_SELF = YES;
				CLANG_WARN_OBJC_LITERAL_CONVERSION = YES;
				CLANG_WARN_OBJC_ROOT_CLASS = YES_ERROR;
				CLANG_WARN_QUOTED_INCLUDE_IN_FRAMEWORK_HEADER = YES;
				CLANG_WARN_RANGE_LOOP_ANALYSIS = YES;
				CLANG_WARN_STRICT_PROTOTYPES = YES;
				CLANG_WARN_SUSPICIOUS_MOVE = YES;
				CLANG_WARN_UNGUARDED_AVAILABILITY = YES_AGGRESSIVE;
				CLANG_WARN_UNREACHABLE_CODE = YES;
				CLANG_WARN__DUPLICATE_METHOD_MATCH = YES;
				COPY_PHASE_STRIP = NO;
				DEBUG_INFORMATION_FORMAT = "dwarf-with-dsym";
				ENABLE_NS_ASSERTIONS = NO;
				ENABLE_STRICT_OBJC_MSGSEND = YES;
				GCC_C_LANGUAGE_STANDARD = gnu11;
				GCC_NO_COMMON_BLOCKS = YES;
				GCC_WARN_64_TO_32_BIT_CONVERSION = YES;
				GCC_WARN_ABOUT_RETURN_TYPE = YES_ERROR;
				GCC_WARN_UNDECLARED_SELECTOR = YES;
				GCC_WARN_UNINITIALIZED_AUTOS = YES_AGGRESSIVE;
				GCC_WARN_UNUSED_FUNCTION = YES;
				GCC_WARN_UNUSED_VARIABLE = YES;
				MACOSX_DEPLOYMENT_TARGET = 11.3;
				MTL_ENABLE_DEBUG_INFO = NO;
				MTL_FAST_MATH = YES;
				SDKROOT = macosx;
				SWIFT_COMPILATION_MODE = wholemodule;
				SWIFT_OPTIMIZATION_LEVEL = "-O";
			};
			name = Release;
		};
		F84AB2E8269329D700D69D4F /* Debug */ = {
			isa = XCBuildConfiguration;
			buildSettings = {
				ASSETCATALOG_COMPILER_APPICON_NAME = AppIcon;
				ASSETCATALOG_COMPILER_GLOBAL_ACCENT_COLOR_NAME = AccentColor;
				CODE_SIGN_ENTITLEMENTS = Coldwave/Coldwave.entitlements;
				CODE_SIGN_STYLE = Automatic;
				COMBINE_HIDPI_IMAGES = YES;
				DEVELOPMENT_ASSET_PATHS = "\"Coldwave/Preview Content\"";
				ENABLE_PREVIEWS = YES;
				FRAMEWORK_SEARCH_PATHS = "$(inherited)";
				INFOPLIST_FILE = Coldwave/Info.plist;
				LD_RUNPATH_SEARCH_PATHS = (
					"$(inherited)",
					"@executable_path/../Frameworks",
				);
				MACOSX_DEPLOYMENT_TARGET = 11.0;
				PRODUCT_BUNDLE_IDENTIFIER = abyrd.Coldwave;
				PRODUCT_NAME = "$(TARGET_NAME)";
				SWIFT_VERSION = 5.0;
			};
			name = Debug;
		};
		F84AB2E9269329D700D69D4F /* Release */ = {
			isa = XCBuildConfiguration;
			buildSettings = {
				ASSETCATALOG_COMPILER_APPICON_NAME = AppIcon;
				ASSETCATALOG_COMPILER_GLOBAL_ACCENT_COLOR_NAME = AccentColor;
				CODE_SIGN_ENTITLEMENTS = Coldwave/Coldwave.entitlements;
				CODE_SIGN_STYLE = Automatic;
				COMBINE_HIDPI_IMAGES = YES;
				DEVELOPMENT_ASSET_PATHS = "\"Coldwave/Preview Content\"";
				ENABLE_PREVIEWS = YES;
				FRAMEWORK_SEARCH_PATHS = "$(inherited)";
				INFOPLIST_FILE = Coldwave/Info.plist;
				LD_RUNPATH_SEARCH_PATHS = (
					"$(inherited)",
					"@executable_path/../Frameworks",
				);
				MACOSX_DEPLOYMENT_TARGET = 11.0;
				PRODUCT_BUNDLE_IDENTIFIER = abyrd.Coldwave;
				PRODUCT_NAME = "$(TARGET_NAME)";
				SWIFT_VERSION = 5.0;
			};
			name = Release;
		};
/* End XCBuildConfiguration section */

/* Begin XCConfigurationList section */
		F84AB2D2269329D400D69D4F /* Build configuration list for PBXProject "Coldwave" */ = {
			isa = XCConfigurationList;
			buildConfigurations = (
				F84AB2E5269329D700D69D4F /* Debug */,
				F84AB2E6269329D700D69D4F /* Release */,
			);
			defaultConfigurationIsVisible = 0;
			defaultConfigurationName = Release;
		};
		F84AB2E7269329D700D69D4F /* Build configuration list for PBXNativeTarget "Coldwave" */ = {
			isa = XCConfigurationList;
			buildConfigurations = (
				F84AB2E8269329D700D69D4F /* Debug */,
				F84AB2E9269329D700D69D4F /* Release */,
			);
			defaultConfigurationIsVisible = 0;
			defaultConfigurationName = Release;
		};
/* End XCConfigurationList section */
	};
	rootObject = F84AB2CF269329D400D69D4F /* Project object */;
}
